// !$*UTF8*$!
{
	archiveVersion = 1;
	classes = {
	};
	objectVersion = 50;
	objects = {

/* Begin PBXBuildFile section */
		1A0108FB257D25810097F663 /* Chapter2Exercise.swift in Sources */ = {isa = PBXBuildFile; fileRef = 1A0108FA257D25810097F663 /* Chapter2Exercise.swift */; };
		1A0108FE257FDAC90097F663 /* Chapter3.swift in Sources */ = {isa = PBXBuildFile; fileRef = 1A0108FD257FDAC90097F663 /* Chapter3.swift */; };
		1A010901257FDD230097F663 /* KnobShape.swift in Sources */ = {isa = PBXBuildFile; fileRef = 1A010900257FDD230097F663 /* KnobShape.swift */; };
		1A2CBB4525A0AF7E00B6A420 /* Chapter4Exercise.swift in Sources */ = {isa = PBXBuildFile; fileRef = 1A2CBB4425A0AF7E00B6A420 /* Chapter4Exercise.swift */; };
		1A55971225794D9100E42796 /* Chapter1.swift in Sources */ = {isa = PBXBuildFile; fileRef = 1A55971125794D9100E42796 /* Chapter1.swift */; };
		1A55971525794E9300E42796 /* Chapter2.swift in Sources */ = {isa = PBXBuildFile; fileRef = 1A55971425794E9300E42796 /* Chapter2.swift */; };
		1A9A75B92572752D007A1EAB /* TISwiftUIIntroApp.swift in Sources */ = {isa = PBXBuildFile; fileRef = 1A9A75B82572752D007A1EAB /* TISwiftUIIntroApp.swift */; };
		1A9A75BB2572752D007A1EAB /* ContentView.swift in Sources */ = {isa = PBXBuildFile; fileRef = 1A9A75BA2572752D007A1EAB /* ContentView.swift */; };
		1A9A75BD25727531007A1EAB /* Assets.xcassets in Resources */ = {isa = PBXBuildFile; fileRef = 1A9A75BC25727531007A1EAB /* Assets.xcassets */; };
		1A9A75C025727531007A1EAB /* Preview Assets.xcassets in Resources */ = {isa = PBXBuildFile; fileRef = 1A9A75BF25727531007A1EAB /* Preview Assets.xcassets */; };
		1A9D9058259A40BD00D5E620 /* Measure.swift in Sources */ = {isa = PBXBuildFile; fileRef = 1A9D9057259A40BD00D5E620 /* Measure.swift */; };
		1AFD74D42587CE42007D612F /* Chapter3Exercise.swift in Sources */ = {isa = PBXBuildFile; fileRef = 1AFD74D32587CE42007D612F /* Chapter3Exercise.swift */; };
		1AFD74D82588C873007D612F /* Chapter4.swift in Sources */ = {isa = PBXBuildFile; fileRef = 1AFD74D72588C873007D612F /* Chapter4.swift */; };
/* End PBXBuildFile section */

/* Begin PBXFileReference section */
		1A0108FA257D25810097F663 /* Chapter2Exercise.swift */ = {isa = PBXFileReference; lastKnownFileType = sourcecode.swift; path = Chapter2Exercise.swift; sourceTree = "<group>"; };
		1A0108FD257FDAC90097F663 /* Chapter3.swift */ = {isa = PBXFileReference; lastKnownFileType = sourcecode.swift; path = Chapter3.swift; sourceTree = "<group>"; };
		1A010900257FDD230097F663 /* KnobShape.swift */ = {isa = PBXFileReference; lastKnownFileType = sourcecode.swift; path = KnobShape.swift; sourceTree = "<group>"; };
		1A2CBB4425A0AF7E00B6A420 /* Chapter4Exercise.swift */ = {isa = PBXFileReference; lastKnownFileType = sourcecode.swift; path = Chapter4Exercise.swift; sourceTree = "<group>"; };
		1A55971125794D9100E42796 /* Chapter1.swift */ = {isa = PBXFileReference; lastKnownFileType = sourcecode.swift; path = Chapter1.swift; sourceTree = "<group>"; };
		1A55971425794E9300E42796 /* Chapter2.swift */ = {isa = PBXFileReference; lastKnownFileType = sourcecode.swift; path = Chapter2.swift; sourceTree = "<group>"; };
		1A9A75B52572752C007A1EAB /* TISwiftUIIntro.app */ = {isa = PBXFileReference; explicitFileType = wrapper.application; includeInIndex = 0; path = TISwiftUIIntro.app; sourceTree = BUILT_PRODUCTS_DIR; };
		1A9A75B82572752D007A1EAB /* TISwiftUIIntroApp.swift */ = {isa = PBXFileReference; lastKnownFileType = sourcecode.swift; path = TISwiftUIIntroApp.swift; sourceTree = "<group>"; };
		1A9A75BA2572752D007A1EAB /* ContentView.swift */ = {isa = PBXFileReference; lastKnownFileType = sourcecode.swift; path = ContentView.swift; sourceTree = "<group>"; };
		1A9A75BC25727531007A1EAB /* Assets.xcassets */ = {isa = PBXFileReference; lastKnownFileType = folder.assetcatalog; path = Assets.xcassets; sourceTree = "<group>"; };
		1A9A75BF25727531007A1EAB /* Preview Assets.xcassets */ = {isa = PBXFileReference; lastKnownFileType = folder.assetcatalog; path = "Preview Assets.xcassets"; sourceTree = "<group>"; };
		1A9A75C125727531007A1EAB /* Info.plist */ = {isa = PBXFileReference; lastKnownFileType = text.plist.xml; path = Info.plist; sourceTree = "<group>"; };
		1A9D9057259A40BD00D5E620 /* Measure.swift */ = {isa = PBXFileReference; lastKnownFileType = sourcecode.swift; path = Measure.swift; sourceTree = "<group>"; };
		1AFD74D32587CE42007D612F /* Chapter3Exercise.swift */ = {isa = PBXFileReference; lastKnownFileType = sourcecode.swift; path = Chapter3Exercise.swift; sourceTree = "<group>"; };
		1AFD74D72588C873007D612F /* Chapter4.swift */ = {isa = PBXFileReference; lastKnownFileType = sourcecode.swift; path = Chapter4.swift; sourceTree = "<group>"; };
/* End PBXFileReference section */

/* Begin PBXFrameworksBuildPhase section */
		1A9A75B22572752C007A1EAB /* Frameworks */ = {
			isa = PBXFrameworksBuildPhase;
			buildActionMask = 2147483647;
			files = (
			);
			runOnlyForDeploymentPostprocessing = 0;
		};
/* End PBXFrameworksBuildPhase section */

/* Begin PBXGroup section */
		1A9A75AC2572752C007A1EAB = {
			isa = PBXGroup;
			children = (
				1A9A75B72572752C007A1EAB /* TISwiftUIIntro */,
				1A9A75B62572752C007A1EAB /* Products */,
			);
			sourceTree = "<group>";
		};
		1A9A75B62572752C007A1EAB /* Products */ = {
			isa = PBXGroup;
			children = (
				1A9A75B52572752C007A1EAB /* TISwiftUIIntro.app */,
			);
			name = Products;
			sourceTree = "<group>";
		};
		1A9A75B72572752C007A1EAB /* TISwiftUIIntro */ = {
			isa = PBXGroup;
			children = (
				1A2CBB4425A0AF7E00B6A420 /* Chapter4Exercise.swift */,
				1A9D9057259A40BD00D5E620 /* Measure.swift */,
				1A9A75BC25727531007A1EAB /* Assets.xcassets */,
				1A55971125794D9100E42796 /* Chapter1.swift */,
				1A55971425794E9300E42796 /* Chapter2.swift */,
				1A0108FA257D25810097F663 /* Chapter2Exercise.swift */,
				1A0108FD257FDAC90097F663 /* Chapter3.swift */,
				1AFD74D32587CE42007D612F /* Chapter3Exercise.swift */,
				1A9A75BA2572752D007A1EAB /* ContentView.swift */,
				1AFD74D72588C873007D612F /* Chapter4.swift */,
				1A9A75C125727531007A1EAB /* Info.plist */,
				1A010900257FDD230097F663 /* KnobShape.swift */,
				1A9A75BE25727531007A1EAB /* Preview Content */,
				1A9A75B82572752D007A1EAB /* TISwiftUIIntroApp.swift */,
			);
			path = TISwiftUIIntro;
			sourceTree = "<group>";
		};
		1A9A75BE25727531007A1EAB /* Preview Content */ = {
			isa = PBXGroup;
			children = (
				1A9A75BF25727531007A1EAB /* Preview Assets.xcassets */,
			);
			path = "Preview Content";
			sourceTree = "<group>";
		};
/* End PBXGroup section */

/* Begin PBXNativeTarget section */
		1A9A75B42572752C007A1EAB /* TISwiftUIIntro */ = {
			isa = PBXNativeTarget;
			buildConfigurationList = 1A9A75C425727531007A1EAB /* Build configuration list for PBXNativeTarget "TISwiftUIIntro" */;
			buildPhases = (
				1A9A75B12572752C007A1EAB /* Sources */,
				1A9A75B22572752C007A1EAB /* Frameworks */,
				1A9A75B32572752C007A1EAB /* Resources */,
			);
			buildRules = (
			);
			dependencies = (
			);
			name = TISwiftUIIntro;
			productName = TISwiftUIIntro;
			productReference = 1A9A75B52572752C007A1EAB /* TISwiftUIIntro.app */;
			productType = "com.apple.product-type.application";
		};
/* End PBXNativeTarget section */

/* Begin PBXProject section */
		1A9A75AD2572752C007A1EAB /* Project object */ = {
			isa = PBXProject;
			attributes = {
				LastSwiftUpdateCheck = 1220;
				LastUpgradeCheck = 1220;
				TargetAttributes = {
					1A9A75B42572752C007A1EAB = {
						CreatedOnToolsVersion = 12.2;
					};
				};
			};
			buildConfigurationList = 1A9A75B02572752C007A1EAB /* Build configuration list for PBXProject "TISwiftUIIntro" */;
			compatibilityVersion = "Xcode 9.3";
			developmentRegion = en;
			hasScannedForEncodings = 0;
			knownRegions = (
				en,
				Base,
			);
			mainGroup = 1A9A75AC2572752C007A1EAB;
			productRefGroup = 1A9A75B62572752C007A1EAB /* Products */;
			projectDirPath = "";
			projectRoot = "";
			targets = (
				1A9A75B42572752C007A1EAB /* TISwiftUIIntro */,
			);
		};
/* End PBXProject section */

/* Begin PBXResourcesBuildPhase section */
		1A9A75B32572752C007A1EAB /* Resources */ = {
			isa = PBXResourcesBuildPhase;
			buildActionMask = 2147483647;
			files = (
				1A9A75C025727531007A1EAB /* Preview Assets.xcassets in Resources */,
				1A9A75BD25727531007A1EAB /* Assets.xcassets in Resources */,
			);
			runOnlyForDeploymentPostprocessing = 0;
		};
/* End PBXResourcesBuildPhase section */

/* Begin PBXSourcesBuildPhase section */
		1A9A75B12572752C007A1EAB /* Sources */ = {
			isa = PBXSourcesBuildPhase;
			buildActionMask = 2147483647;
			files = (
				1A9A75BB2572752D007A1EAB /* ContentView.swift in Sources */,
				1A9A75B92572752D007A1EAB /* TISwiftUIIntroApp.swift in Sources */,
				1A9D9058259A40BD00D5E620 /* Measure.swift in Sources */,
				1A0108FB257D25810097F663 /* Chapter2Exercise.swift in Sources */,
				1AFD74D42587CE42007D612F /* Chapter3Exercise.swift in Sources */,
				1A55971525794E9300E42796 /* Chapter2.swift in Sources */,
				1AFD74D82588C873007D612F /* Chapter4.swift in Sources */,
				1A2CBB4525A0AF7E00B6A420 /* Chapter4Exercise.swift in Sources */,
				1A010901257FDD230097F663 /* KnobShape.swift in Sources */,
				1A55971225794D9100E42796 /* Chapter1.swift in Sources */,
				1A0108FE257FDAC90097F663 /* Chapter3.swift in Sources */,
			);
			runOnlyForDeploymentPostprocessing = 0;
		};
/* End PBXSourcesBuildPhase section */

/* Begin XCBuildConfiguration section */
		1A9A75C225727531007A1EAB /* Debug */ = {
			isa = XCBuildConfiguration;
			buildSettings = {
				ALWAYS_SEARCH_USER_PATHS = NO;
				CLANG_ANALYZER_NONNULL = YES;
				CLANG_ANALYZER_NUMBER_OBJECT_CONVERSION = YES_AGGRESSIVE;
				CLANG_CXX_LANGUAGE_STANDARD = "gnu++14";
				CLANG_CXX_LIBRARY = "libc++";
				CLANG_ENABLE_MODULES = YES;
				CLANG_ENABLE_OBJC_ARC = YES;
				CLANG_ENABLE_OBJC_WEAK = YES;
				CLANG_WARN_BLOCK_CAPTURE_AUTORELEASING = YES;
				CLANG_WARN_BOOL_CONVERSION = YES;
				CLANG_WARN_COMMA = YES;
				CLANG_WARN_CONSTANT_CONVERSION = YES;
				CLANG_WARN_DEPRECATED_OBJC_IMPLEMENTATIONS = YES;
				CLANG_WARN_DIRECT_OBJC_ISA_USAGE = YES_ERROR;
				CLANG_WARN_DOCUMENTATION_COMMENTS = YES;
				CLANG_WARN_EMPTY_BODY = YES;
				CLANG_WARN_ENUM_CONVERSION = YES;
				CLANG_WARN_INFINITE_RECURSION = YES;
				CLANG_WARN_INT_CONVERSION = YES;
				CLANG_WARN_NON_LITERAL_NULL_CONVERSION = YES;
				CLANG_WARN_OBJC_IMPLICIT_RETAIN_SELF = YES;
				CLANG_WARN_OBJC_LITERAL_CONVERSION = YES;
				CLANG_WARN_OBJC_ROOT_CLASS = YES_ERROR;
				CLANG_WARN_QUOTED_INCLUDE_IN_FRAMEWORK_HEADER = YES;
				CLANG_WARN_RANGE_LOOP_ANALYSIS = YES;
				CLANG_WARN_STRICT_PROTOTYPES = YES;
				CLANG_WARN_SUSPICIOUS_MOVE = YES;
				CLANG_WARN_UNGUARDED_AVAILABILITY = YES_AGGRESSIVE;
				CLANG_WARN_UNREACHABLE_CODE = YES;
				CLANG_WARN__DUPLICATE_METHOD_MATCH = YES;
				COPY_PHASE_STRIP = NO;
				DEBUG_INFORMATION_FORMAT = dwarf;
				ENABLE_STRICT_OBJC_MSGSEND = YES;
				ENABLE_TESTABILITY = YES;
				GCC_C_LANGUAGE_STANDARD = gnu11;
				GCC_DYNAMIC_NO_PIC = NO;
				GCC_NO_COMMON_BLOCKS = YES;
				GCC_OPTIMIZATION_LEVEL = 0;
				GCC_PREPROCESSOR_DEFINITIONS = (
					"DEBUG=1",
					"$(inherited)",
				);
				GCC_WARN_64_TO_32_BIT_CONVERSION = YES;
				GCC_WARN_ABOUT_RETURN_TYPE = YES_ERROR;
				GCC_WARN_UNDECLARED_SELECTOR = YES;
				GCC_WARN_UNINITIALIZED_AUTOS = YES_AGGRESSIVE;
				GCC_WARN_UNUSED_FUNCTION = YES;
				GCC_WARN_UNUSED_VARIABLE = YES;
				IPHONEOS_DEPLOYMENT_TARGET = 14.2;
				MTL_ENABLE_DEBUG_INFO = INCLUDE_SOURCE;
				MTL_FAST_MATH = YES;
				ONLY_ACTIVE_ARCH = YES;
				SDKROOT = iphoneos;
				SWIFT_ACTIVE_COMPILATION_CONDITIONS = DEBUG;
				SWIFT_OPTIMIZATION_LEVEL = "-Onone";
			};
			name = Debug;
		};
		1A9A75C325727531007A1EAB /* Release */ = {
			isa = XCBuildConfiguration;
			buildSettings = {
				ALWAYS_SEARCH_USER_PATHS = NO;
				CLANG_ANALYZER_NONNULL = YES;
				CLANG_ANALYZER_NUMBER_OBJECT_CONVERSION = YES_AGGRESSIVE;
				CLANG_CXX_LANGUAGE_STANDARD = "gnu++14";
				CLANG_CXX_LIBRARY = "libc++";
				CLANG_ENABLE_MODULES = YES;
				CLANG_ENABLE_OBJC_ARC = YES;
				CLANG_ENABLE_OBJC_WEAK = YES;
				CLANG_WARN_BLOCK_CAPTURE_AUTORELEASING = YES;
				CLANG_WARN_BOOL_CONVERSION = YES;
				CLANG_WARN_COMMA = YES;
				CLANG_WARN_CONSTANT_CONVERSION = YES;
				CLANG_WARN_DEPRECATED_OBJC_IMPLEMENTATIONS = YES;
				CLANG_WARN_DIRECT_OBJC_ISA_USAGE = YES_ERROR;
				CLANG_WARN_DOCUMENTATION_COMMENTS = YES;
				CLANG_WARN_EMPTY_BODY = YES;
				CLANG_WARN_ENUM_CONVERSION = YES;
				CLANG_WARN_INFINITE_RECURSION = YES;
				CLANG_WARN_INT_CONVERSION = YES;
				CLANG_WARN_NON_LITERAL_NULL_CONVERSION = YES;
				CLANG_WARN_OBJC_IMPLICIT_RETAIN_SELF = YES;
				CLANG_WARN_OBJC_LITERAL_CONVERSION = YES;
				CLANG_WARN_OBJC_ROOT_CLASS = YES_ERROR;
				CLANG_WARN_QUOTED_INCLUDE_IN_FRAMEWORK_HEADER = YES;
				CLANG_WARN_RANGE_LOOP_ANALYSIS = YES;
				CLANG_WARN_STRICT_PROTOTYPES = YES;
				CLANG_WARN_SUSPICIOUS_MOVE = YES;
				CLANG_WARN_UNGUARDED_AVAILABILITY = YES_AGGRESSIVE;
				CLANG_WARN_UNREACHABLE_CODE = YES;
				CLANG_WARN__DUPLICATE_METHOD_MATCH = YES;
				COPY_PHASE_STRIP = NO;
				DEBUG_INFORMATION_FORMAT = "dwarf-with-dsym";
				ENABLE_NS_ASSERTIONS = NO;
				ENABLE_STRICT_OBJC_MSGSEND = YES;
				GCC_C_LANGUAGE_STANDARD = gnu11;
				GCC_NO_COMMON_BLOCKS = YES;
				GCC_WARN_64_TO_32_BIT_CONVERSION = YES;
				GCC_WARN_ABOUT_RETURN_TYPE = YES_ERROR;
				GCC_WARN_UNDECLARED_SELECTOR = YES;
				GCC_WARN_UNINITIALIZED_AUTOS = YES_AGGRESSIVE;
				GCC_WARN_UNUSED_FUNCTION = YES;
				GCC_WARN_UNUSED_VARIABLE = YES;
				IPHONEOS_DEPLOYMENT_TARGET = 14.2;
				MTL_ENABLE_DEBUG_INFO = NO;
				MTL_FAST_MATH = YES;
				SDKROOT = iphoneos;
				SWIFT_COMPILATION_MODE = wholemodule;
				SWIFT_OPTIMIZATION_LEVEL = "-O";
				VALIDATE_PRODUCT = YES;
			};
			name = Release;
		};
		1A9A75C525727531007A1EAB /* Debug */ = {
			isa = XCBuildConfiguration;
			buildSettings = {
				ASSETCATALOG_COMPILER_APPICON_NAME = AppIcon;
				ASSETCATALOG_COMPILER_GLOBAL_ACCENT_COLOR_NAME = AccentColor;
				CODE_SIGN_STYLE = Automatic;
				DEVELOPMENT_ASSET_PATHS = "\"TISwiftUIIntro/Preview Content\"";
				DEVELOPMENT_TEAM = ZFDEX86BMA;
				ENABLE_PREVIEWS = YES;
				INFOPLIST_FILE = TISwiftUIIntro/Info.plist;
				IPHONEOS_DEPLOYMENT_TARGET = 14.0;
				LD_RUNPATH_SEARCH_PATHS = (
					"$(inherited)",
					"@executable_path/Frameworks",
				);
				PRODUCT_BUNDLE_IDENTIFIER = co.andbeyond.TISwiftUIIntro;
				PRODUCT_NAME = "$(TARGET_NAME)";
				SWIFT_VERSION = 5.0;
				TARGETED_DEVICE_FAMILY = "1,2";
			};
			name = Debug;
		};
		1A9A75C625727531007A1EAB /* Release */ = {
			isa = XCBuildConfiguration;
			buildSettings = {
				ASSETCATALOG_COMPILER_APPICON_NAME = AppIcon;
				ASSETCATALOG_COMPILER_GLOBAL_ACCENT_COLOR_NAME = AccentColor;
				CODE_SIGN_STYLE = Automatic;
				DEVELOPMENT_ASSET_PATHS = "\"TISwiftUIIntro/Preview Content\"";
				DEVELOPMENT_TEAM = ZFDEX86BMA;
				ENABLE_PREVIEWS = YES;
				INFOPLIST_FILE = TISwiftUIIntro/Info.plist;
				IPHONEOS_DEPLOYMENT_TARGET = 14.0;
				LD_RUNPATH_SEARCH_PATHS = (
					"$(inherited)",
					"@executable_path/Frameworks",
				);
				PRODUCT_BUNDLE_IDENTIFIER = co.andbeyond.TISwiftUIIntro;
				PRODUCT_NAME = "$(TARGET_NAME)";
				SWIFT_VERSION = 5.0;
				TARGETED_DEVICE_FAMILY = "1,2";
			};
			name = Release;
		};
/* End XCBuildConfiguration section */

/* Begin XCConfigurationList section */
		1A9A75B02572752C007A1EAB /* Build configuration list for PBXProject "TISwiftUIIntro" */ = {
			isa = XCConfigurationList;
			buildConfigurations = (
				1A9A75C225727531007A1EAB /* Debug */,
				1A9A75C325727531007A1EAB /* Release */,
			);
			defaultConfigurationIsVisible = 0;
			defaultConfigurationName = Release;
		};
		1A9A75C425727531007A1EAB /* Build configuration list for PBXNativeTarget "TISwiftUIIntro" */ = {
			isa = XCConfigurationList;
			buildConfigurations = (
				1A9A75C525727531007A1EAB /* Debug */,
				1A9A75C625727531007A1EAB /* Release */,
			);
			defaultConfigurationIsVisible = 0;
			defaultConfigurationName = Release;
		};
/* End XCConfigurationList section */
	};
	rootObject = 1A9A75AD2572752C007A1EAB /* Project object */;
}
